# THIS IS AN AUTOGENERATED FILE. DO NOT EDIT THIS FILE DIRECTLY.
# yarn lockfile v1


gsap@^3.6.0:
  version "3.6.0"
  resolved "https://registry.yarnpkg.com/gsap/-/gsap-3.6.0.tgz#925f25370c698ce0f6ea563522da8f6b5ed21b0a"
  integrity sha512-0P3syv1TmYr+A/VZ8UMFzw+s0XoaKSzzDFs8NqkXiJTXI4E/VTi0zRjPgxaPBpiUPPycgRnFjLDe0Tb4dRRf+w==

typed.js@^2.0.11:
  version "2.0.11"
  resolved "https://registry.yarnpkg.com/typed.js/-/typed.js-2.0.11.tgz#d298a91f959f11a3803bf48b841a6fadd29640d9"
  integrity sha512-1ZORHalEyLob34q738mqmwp0pT6syMigB1SZuTItqdhovWBKFIt7I5uVALXAGQZCg2MCtihCt6uqkoqPJK+9iQ==
